Microsoft Visual Studio Solution File, Format Version 12.00
# Visual Studio Version 17
VisualStudioVersion = 17.5.2.0
MinimumVisualStudioVersion = 10.0.40219.1
Project("{2150E333-8FDC-42A3-9474-1A3956D46DE8}") = "01-09-25", "01-09-25", "{3D62252B-697A-7FAD-C08A-8AD24DAC8403}"
EndProject
Project("{FAE04EC0-301F-11D3-BF4B-00C04F79EFBC}") = "ConsoleApp", "01-09-25\ConsoleApp\ConsoleApp.csproj", "{057F4F21-0EF3-24C1-CAE3-BA386784D22E}"
EndProject
Global
	GlobalSection(SolutionConfigurationPlatforms) = preSolution
		Debug|Any CPU = Debug|Any CPU
		Release|Any CPU = Release|Any CPU
	EndGlobalSection
	GlobalSection(ProjectConfigurationPlatforms) = postSolution
		{057F4F21-0EF3-24C1-CAE3-BA386784D22E}.Debug|Any CPU.ActiveCfg = Debug|Any CPU
		{057F4F21-0EF3-24C1-CAE3-BA386784D22E}.Debug|Any CPU.Build.0 = Debug|Any CPU
		{057F4F21-0EF3-24C1-CAE3-BA386784D22E}.Release|Any CPU.ActiveCfg = Release|Any CPU
		{057F4F21-0EF3-24C1-CAE3-BA386784D22E}.Release|Any CPU.Build.0 = Release|Any CPU
	EndGlobalSection
	GlobalSection(SolutionProperties) = preSolution
		HideSolutionNode = FALSE
	EndGlobalSection
	GlobalSection(NestedProjects) = preSolution
		{057F4F21-0EF3-24C1-CAE3-BA386784D22E} = {3D62252B-697A-7FAD-C08A-8AD24DAC8403}
	EndGlobalSection
	GlobalSection(ExtensibilityGlobals) = postSolution
		SolutionGuid = {F56CAE49-393D-4CF4-80C2-5A4BBE5F1B46}
	EndGlobalSection
EndGlobal
